
Microsoft Visual Studio Solution File, Format Version 12.00
# Visual Studio Version 16
VisualStudioVersion = 16.0.31911.196
MinimumVisualStudioVersion = 10.0.40219.1
Project("{FAE04EC0-301F-11D3-BF4B-00C04F79EFBC}") = "FillPizzaShop", "FillPizzaShop.csproj", "{B8A16FFE-7DD7-4C4C-AADD-AC112DFED1CD}"
EndProject
Global
	GlobalSection(SolutionConfigurationPlatforms) = preSolution
		Debug|Any CPU = Debug|Any CPU
		Release|Any CPU = Release|Any CPU
	EndGlobalSection
	GlobalSection(ProjectConfigurationPlatforms) = postSolution
		{B8A16FFE-7DD7-4C4C-AADD-AC112DFED1CD}.Debug|Any CPU.ActiveCfg = Debug|Any CPU
		{B8A16FFE-7DD7-4C4C-AADD-AC112DFED1CD}.Debug|Any CPU.Build.0 = Debug|Any CPU
		{B8A16FFE-7DD7-4C4C-AADD-AC112DFED1CD}.Release|Any CPU.ActiveCfg = Release|Any CPU
		{B8A16FFE-7DD7-4C4C-AADD-AC112DFED1CD}.Release|Any CPU.Build.0 = Release|Any CPU
	EndGlobalSection
	GlobalSection(SolutionProperties) = preSolution
		HideSolutionNode = FALSE
	EndGlobalSection
	GlobalSection(ExtensibilityGlobals) = postSolution
		SolutionGuid = {3FBFA7E1-D71F-49A9-8C89-F7FF935D726F}
	EndGlobalSection
EndGlobal
